
Microsoft Visual Studio Solution File, Format Version 12.00
# Visual Studio 2012
Project("{D954291E-2A0B-460D-934E-DC6B0785DB48}") = "HelloMap.Forms", "HelloMap.Forms\HelloMap.Forms.shproj", "{28CF091E-9544-4B8F-B542-A22B15C24DF4}"
EndProject
Project("{FAE04EC0-301F-11D3-BF4B-00C04F79EFBC}") = "HelloMap.Forms.iOS", "iOS\HelloMap.Forms.iOS.csproj", "{6C9B5C1B-185F-4682-A8B7-13685E1DB18B}"
EndProject
Project("{FAE04EC0-301F-11D3-BF4B-00C04F79EFBC}") = "HelloMap.Forms.Droid", "Droid\HelloMap.Forms.Droid.csproj", "{023372D6-2585-46A3-9D5C-96DCB06CB742}"
EndProject
Global
	GlobalSection(SolutionConfigurationPlatforms) = preSolution
		Debug|iPhoneSimulator = Debug|iPhoneSimulator
		Release|iPhone = Release|iPhone
		Release|iPhoneSimulator = Release|iPhoneSimulator
		Debug|iPhone = Debug|iPhone
		Debug|Any CPU = Debug|Any CPU
		Release|Any CPU = Release|Any CPU
	EndGlobalSection
	GlobalSection(ProjectConfigurationPlatforms) = postSolution
		{6C9B5C1B-185F-4682-A8B7-13685E1DB18B}.Debug|iPhoneSimulator.ActiveCfg = Debug|iPhoneSimulator
		{6C9B5C1B-185F-4682-A8B7-13685E1DB18B}.Debug|iPhoneSimulator.Build.0 = Debug|iPhoneSimulator
		{6C9B5C1B-185F-4682-A8B7-13685E1DB18B}.Release|iPhone.ActiveCfg = Release|iPhone
		{6C9B5C1B-185F-4682-A8B7-13685E1DB18B}.Release|iPhone.Build.0 = Release|iPhone
		{6C9B5C1B-185F-4682-A8B7-13685E1DB18B}.Release|iPhoneSimulator.ActiveCfg = Release|iPhoneSimulator
		{6C9B5C1B-185F-4682-A8B7-13685E1DB18B}.Release|iPhoneSimulator.Build.0 = Release|iPhoneSimulator
		{6C9B5C1B-185F-4682-A8B7-13685E1DB18B}.Debug|iPhone.ActiveCfg = Debug|iPhone
		{6C9B5C1B-185F-4682-A8B7-13685E1DB18B}.Debug|iPhone.Build.0 = Debug|iPhone
		{6C9B5C1B-185F-4682-A8B7-13685E1DB18B}.Debug|Any CPU.ActiveCfg = Debug|iPhoneSimulator
		{6C9B5C1B-185F-4682-A8B7-13685E1DB18B}.Debug|Any CPU.Build.0 = Debug|iPhoneSimulator
		{6C9B5C1B-185F-4682-A8B7-13685E1DB18B}.Release|Any CPU.ActiveCfg = Release|iPhone
		{6C9B5C1B-185F-4682-A8B7-13685E1DB18B}.Release|Any CPU.Build.0 = Release|iPhone
		{023372D6-2585-46A3-9D5C-96DCB06CB742}.Debug|iPhoneSimulator.ActiveCfg = Debug|Any CPU
		{023372D6-2585-46A3-9D5C-96DCB06CB742}.Debug|iPhoneSimulator.Build.0 = Debug|Any CPU
		{023372D6-2585-46A3-9D5C-96DCB06CB742}.Release|iPhone.ActiveCfg = Release|Any CPU
		{023372D6-2585-46A3-9D5C-96DCB06CB742}.Release|iPhone.Build.0 = Release|Any CPU
		{023372D6-2585-46A3-9D5C-96DCB06CB742}.Release|iPhoneSimulator.ActiveCfg = Release|Any CPU
		{023372D6-2585-46A3-9D5C-96DCB06CB742}.Release|iPhoneSimulator.Build.0 = Release|Any CPU
		{023372D6-2585-46A3-9D5C-96DCB06CB742}.Debug|iPhone.ActiveCfg = Debug|Any CPU
		{023372D6-2585-46A3-9D5C-96DCB06CB742}.Debug|iPhone.Build.0 = Debug|Any CPU
		{023372D6-2585-46A3-9D5C-96DCB06CB742}.Debug|Any CPU.ActiveCfg = Debug|Any CPU
		{023372D6-2585-46A3-9D5C-96DCB06CB742}.Debug|Any CPU.Build.0 = Debug|Any CPU
		{023372D6-2585-46A3-9D5C-96DCB06CB742}.Release|Any CPU.ActiveCfg = Release|Any CPU
		{023372D6-2585-46A3-9D5C-96DCB06CB742}.Release|Any CPU.Build.0 = Release|Any CPU
	EndGlobalSection
EndGlobal
