
Microsoft Visual Studio Solution File, Format Version 12.00
# Visual Studio 2012
Project("{FAE04EC0-301F-11D3-BF4B-00C04F79EFBC}") = "HelloMap.iOS", "iOS\HelloMap.iOS.csproj", "{6D107ABB-D7AF-4856-BF1D-3D62C62143EA}"
EndProject
Project("{D954291E-2A0B-460D-934E-DC6B0785DB48}") = "Shared.iOS", "mobile_dotnet_samples\Shared.iOS.shproj", "{1A7F279C-E528-42E0-B1EA-A1068502115E}"
EndProject
Project("{FAE04EC0-301F-11D3-BF4B-00C04F79EFBC}") = "AdvancedMap.Droid", "AdvancedMap.Droid\AdvancedMap.Droid.csproj", "{845358CD-197B-4946-BBD9-6BEE2D906BDC}"
EndProject
Project("{FAE04EC0-301F-11D3-BF4B-00C04F79EFBC}") = "CartoMap.Droid", "CartoMap.Droid\CartoMap.Droid.csproj", "{AE90E466-E3A6-48E9-A704-C56352F47FD0}"
EndProject
Project("{FAE04EC0-301F-11D3-BF4B-00C04F79EFBC}") = "AdvancedMap.iOS", "AdvancedMap.iOS\AdvancedMap.iOS.csproj", "{3EB31822-FE89-4990-9CA7-1DEC49AE4DAD}"
EndProject
Project("{FAE04EC0-301F-11D3-BF4B-00C04F79EFBC}") = "CartoMap.iOS", "CartoMap.iOS\CartoMap.iOS.csproj", "{0E3298EC-4D81-47B3-A308-05A82AD89FB3}"
EndProject
Project("{D954291E-2A0B-460D-934E-DC6B0785DB48}") = "Shared", "Shared\Shared.shproj", "{EC29109D-9F85-4B08-986F-47B368255550}"
EndProject
Project("{D954291E-2A0B-460D-934E-DC6B0785DB48}") = "Shared.Droid", "Shared.Droid\Shared.Droid.shproj", "{528EF7D5-3B72-4956-919F-8703CE0E388D}"
EndProject
Project("{FAE04EC0-301F-11D3-BF4B-00C04F79EFBC}") = "HelloMap.Droid", "HelloMap.Droid\HelloMap.Droid.csproj", "{2456D025-1DE5-42B9-934C-AE00781E533B}"
EndProject
Global
	GlobalSection(SolutionConfigurationPlatforms) = preSolution
		Debug|Any CPU = Debug|Any CPU
		Release|Any CPU = Release|Any CPU
		Debug|iPhoneSimulator = Debug|iPhoneSimulator
		Release|iPhone = Release|iPhone
		Release|iPhoneSimulator = Release|iPhoneSimulator
		Debug|iPhone = Debug|iPhone
		Default|Any CPU = Default|Any CPU
	EndGlobalSection
	GlobalSection(ProjectConfigurationPlatforms) = postSolution
		{6D107ABB-D7AF-4856-BF1D-3D62C62143EA}.Debug|Any CPU.ActiveCfg = Debug|iPhoneSimulator
		{6D107ABB-D7AF-4856-BF1D-3D62C62143EA}.Debug|Any CPU.Build.0 = Debug|iPhoneSimulator
		{6D107ABB-D7AF-4856-BF1D-3D62C62143EA}.Release|Any CPU.ActiveCfg = Release|iPhone
		{6D107ABB-D7AF-4856-BF1D-3D62C62143EA}.Release|Any CPU.Build.0 = Release|iPhone
		{6D107ABB-D7AF-4856-BF1D-3D62C62143EA}.Debug|iPhoneSimulator.ActiveCfg = Debug|iPhoneSimulator
		{6D107ABB-D7AF-4856-BF1D-3D62C62143EA}.Debug|iPhoneSimulator.Build.0 = Debug|iPhoneSimulator
		{6D107ABB-D7AF-4856-BF1D-3D62C62143EA}.Release|iPhone.ActiveCfg = Release|iPhone
		{6D107ABB-D7AF-4856-BF1D-3D62C62143EA}.Release|iPhone.Build.0 = Release|iPhone
		{6D107ABB-D7AF-4856-BF1D-3D62C62143EA}.Release|iPhoneSimulator.ActiveCfg = Release|iPhoneSimulator
		{6D107ABB-D7AF-4856-BF1D-3D62C62143EA}.Release|iPhoneSimulator.Build.0 = Release|iPhoneSimulator
		{6D107ABB-D7AF-4856-BF1D-3D62C62143EA}.Debug|iPhone.ActiveCfg = Debug|iPhone
		{6D107ABB-D7AF-4856-BF1D-3D62C62143EA}.Debug|iPhone.Build.0 = Debug|iPhone
		{6D107ABB-D7AF-4856-BF1D-3D62C62143EA}.Default|Any CPU.ActiveCfg = Debug|iPhoneSimulator
		{6D107ABB-D7AF-4856-BF1D-3D62C62143EA}.Default|Any CPU.Build.0 = Debug|iPhoneSimulator
		{845358CD-197B-4946-BBD9-6BEE2D906BDC}.Debug|Any CPU.ActiveCfg = Debug|Any CPU
		{845358CD-197B-4946-BBD9-6BEE2D906BDC}.Debug|Any CPU.Build.0 = Debug|Any CPU
		{845358CD-197B-4946-BBD9-6BEE2D906BDC}.Release|Any CPU.ActiveCfg = Release|Any CPU
		{845358CD-197B-4946-BBD9-6BEE2D906BDC}.Release|Any CPU.Build.0 = Release|Any CPU
		{845358CD-197B-4946-BBD9-6BEE2D906BDC}.Debug|iPhoneSimulator.ActiveCfg = Debug|Any CPU
		{845358CD-197B-4946-BBD9-6BEE2D906BDC}.Debug|iPhoneSimulator.Build.0 = Debug|Any CPU
		{845358CD-197B-4946-BBD9-6BEE2D906BDC}.Release|iPhone.ActiveCfg = Release|Any CPU
		{845358CD-197B-4946-BBD9-6BEE2D906BDC}.Release|iPhone.Build.0 = Release|Any CPU
		{845358CD-197B-4946-BBD9-6BEE2D906BDC}.Release|iPhoneSimulator.ActiveCfg = Release|Any CPU
		{845358CD-197B-4946-BBD9-6BEE2D906BDC}.Release|iPhoneSimulator.Build.0 = Release|Any CPU
		{845358CD-197B-4946-BBD9-6BEE2D906BDC}.Debug|iPhone.ActiveCfg = Debug|Any CPU
		{845358CD-197B-4946-BBD9-6BEE2D906BDC}.Debug|iPhone.Build.0 = Debug|Any CPU
		{845358CD-197B-4946-BBD9-6BEE2D906BDC}.Default|Any CPU.ActiveCfg = Debug|Any CPU
		{845358CD-197B-4946-BBD9-6BEE2D906BDC}.Default|Any CPU.Build.0 = Debug|Any CPU
		{AE90E466-E3A6-48E9-A704-C56352F47FD0}.Debug|Any CPU.ActiveCfg = Debug|Any CPU
		{AE90E466-E3A6-48E9-A704-C56352F47FD0}.Debug|Any CPU.Build.0 = Debug|Any CPU
		{AE90E466-E3A6-48E9-A704-C56352F47FD0}.Release|Any CPU.ActiveCfg = Release|Any CPU
		{AE90E466-E3A6-48E9-A704-C56352F47FD0}.Release|Any CPU.Build.0 = Release|Any CPU
		{AE90E466-E3A6-48E9-A704-C56352F47FD0}.Debug|iPhoneSimulator.ActiveCfg = Debug|Any CPU
		{AE90E466-E3A6-48E9-A704-C56352F47FD0}.Debug|iPhoneSimulator.Build.0 = Debug|Any CPU
		{AE90E466-E3A6-48E9-A704-C56352F47FD0}.Release|iPhone.ActiveCfg = Release|Any CPU
		{AE90E466-E3A6-48E9-A704-C56352F47FD0}.Release|iPhone.Build.0 = Release|Any CPU
		{AE90E466-E3A6-48E9-A704-C56352F47FD0}.Release|iPhoneSimulator.ActiveCfg = Release|Any CPU
		{AE90E466-E3A6-48E9-A704-C56352F47FD0}.Release|iPhoneSimulator.Build.0 = Release|Any CPU
		{AE90E466-E3A6-48E9-A704-C56352F47FD0}.Debug|iPhone.ActiveCfg = Debug|Any CPU
		{AE90E466-E3A6-48E9-A704-C56352F47FD0}.Debug|iPhone.Build.0 = Debug|Any CPU
		{AE90E466-E3A6-48E9-A704-C56352F47FD0}.Default|Any CPU.ActiveCfg = Debug|Any CPU
		{AE90E466-E3A6-48E9-A704-C56352F47FD0}.Default|Any CPU.Build.0 = Debug|Any CPU
		{3EB31822-FE89-4990-9CA7-1DEC49AE4DAD}.Debug|Any CPU.ActiveCfg = Debug|iPhoneSimulator
		{3EB31822-FE89-4990-9CA7-1DEC49AE4DAD}.Debug|Any CPU.Build.0 = Debug|iPhoneSimulator
		{3EB31822-FE89-4990-9CA7-1DEC49AE4DAD}.Release|Any CPU.ActiveCfg = Release|iPhone
		{3EB31822-FE89-4990-9CA7-1DEC49AE4DAD}.Release|Any CPU.Build.0 = Release|iPhone
		{3EB31822-FE89-4990-9CA7-1DEC49AE4DAD}.Debug|iPhoneSimulator.ActiveCfg = Debug|iPhoneSimulator
		{3EB31822-FE89-4990-9CA7-1DEC49AE4DAD}.Debug|iPhoneSimulator.Build.0 = Debug|iPhoneSimulator
		{3EB31822-FE89-4990-9CA7-1DEC49AE4DAD}.Release|iPhone.ActiveCfg = Release|iPhone
		{3EB31822-FE89-4990-9CA7-1DEC49AE4DAD}.Release|iPhone.Build.0 = Release|iPhone
		{3EB31822-FE89-4990-9CA7-1DEC49AE4DAD}.Release|iPhoneSimulator.ActiveCfg = Release|iPhoneSimulator
		{3EB31822-FE89-4990-9CA7-1DEC49AE4DAD}.Release|iPhoneSimulator.Build.0 = Release|iPhoneSimulator
		{3EB31822-FE89-4990-9CA7-1DEC49AE4DAD}.Debug|iPhone.ActiveCfg = Debug|iPhone
		{3EB31822-FE89-4990-9CA7-1DEC49AE4DAD}.Debug|iPhone.Build.0 = Debug|iPhone
		{3EB31822-FE89-4990-9CA7-1DEC49AE4DAD}.Default|Any CPU.ActiveCfg = Debug|iPhoneSimulator
		{3EB31822-FE89-4990-9CA7-1DEC49AE4DAD}.Default|Any CPU.Build.0 = Debug|iPhoneSimulator
		{0E3298EC-4D81-47B3-A308-05A82AD89FB3}.Debug|Any CPU.ActiveCfg = Debug|iPhoneSimulator
		{0E3298EC-4D81-47B3-A308-05A82AD89FB3}.Debug|Any CPU.Build.0 = Debug|iPhoneSimulator
		{0E3298EC-4D81-47B3-A308-05A82AD89FB3}.Release|Any CPU.ActiveCfg = Release|iPhone
		{0E3298EC-4D81-47B3-A308-05A82AD89FB3}.Release|Any CPU.Build.0 = Release|iPhone
		{0E3298EC-4D81-47B3-A308-05A82AD89FB3}.Debug|iPhoneSimulator.ActiveCfg = Debug|iPhoneSimulator
		{0E3298EC-4D81-47B3-A308-05A82AD89FB3}.Debug|iPhoneSimulator.Build.0 = Debug|iPhoneSimulator
		{0E3298EC-4D81-47B3-A308-05A82AD89FB3}.Release|iPhone.ActiveCfg = Release|iPhone
		{0E3298EC-4D81-47B3-A308-05A82AD89FB3}.Release|iPhone.Build.0 = Release|iPhone
		{0E3298EC-4D81-47B3-A308-05A82AD89FB3}.Release|iPhoneSimulator.ActiveCfg = Release|iPhoneSimulator
		{0E3298EC-4D81-47B3-A308-05A82AD89FB3}.Release|iPhoneSimulator.Build.0 = Release|iPhoneSimulator
		{0E3298EC-4D81-47B3-A308-05A82AD89FB3}.Debug|iPhone.ActiveCfg = Debug|iPhone
		{0E3298EC-4D81-47B3-A308-05A82AD89FB3}.Debug|iPhone.Build.0 = Debug|iPhone
		{0E3298EC-4D81-47B3-A308-05A82AD89FB3}.Default|Any CPU.ActiveCfg = Debug|iPhoneSimulator
		{0E3298EC-4D81-47B3-A308-05A82AD89FB3}.Default|Any CPU.Build.0 = Debug|iPhoneSimulator
		{2456D025-1DE5-42B9-934C-AE00781E533B}.Debug|Any CPU.ActiveCfg = Debug|Any CPU
		{2456D025-1DE5-42B9-934C-AE00781E533B}.Debug|Any CPU.Build.0 = Debug|Any CPU
		{2456D025-1DE5-42B9-934C-AE00781E533B}.Release|Any CPU.ActiveCfg = Release|Any CPU
		{2456D025-1DE5-42B9-934C-AE00781E533B}.Release|Any CPU.Build.0 = Release|Any CPU
		{2456D025-1DE5-42B9-934C-AE00781E533B}.Debug|iPhoneSimulator.ActiveCfg = Debug|Any CPU
		{2456D025-1DE5-42B9-934C-AE00781E533B}.Debug|iPhoneSimulator.Build.0 = Debug|Any CPU
		{2456D025-1DE5-42B9-934C-AE00781E533B}.Release|iPhone.ActiveCfg = Release|Any CPU
		{2456D025-1DE5-42B9-934C-AE00781E533B}.Release|iPhone.Build.0 = Release|Any CPU
		{2456D025-1DE5-42B9-934C-AE00781E533B}.Release|iPhoneSimulator.ActiveCfg = Release|Any CPU
		{2456D025-1DE5-42B9-934C-AE00781E533B}.Release|iPhoneSimulator.Build.0 = Release|Any CPU
		{2456D025-1DE5-42B9-934C-AE00781E533B}.Debug|iPhone.ActiveCfg = Debug|Any CPU
		{2456D025-1DE5-42B9-934C-AE00781E533B}.Debug|iPhone.Build.0 = Debug|Any CPU
		{2456D025-1DE5-42B9-934C-AE00781E533B}.Default|Any CPU.ActiveCfg = Debug|Any CPU
		{2456D025-1DE5-42B9-934C-AE00781E533B}.Default|Any CPU.Build.0 = Debug|Any CPU
	EndGlobalSection
EndGlobal
